
Microsoft Visual Studio Solution File, Format Version 12.00
# Visual Studio Version 17
VisualStudioVersion = 17.10.34928.147
MinimumVisualStudioVersion = 10.0.40219.1
Project("{9A19103F-16F7-4668-BE54-9A1E7A4F7556}") = "RecenterFix", "RecenterFix.csproj", "{4DC34E85-C5D2-4F24-BD4A-B5FBFC1578FF}"
EndProject
Global
	GlobalSection(SolutionConfigurationPlatforms) = preSolution
		Debug|Any CPU = Debug|Any CPU
		Release|Any CPU = Release|Any CPU
	EndGlobalSection
	GlobalSection(ProjectConfigurationPlatforms) = postSolution
		{4DC34E85-C5D2-4F24-BD4A-B5FBFC1578FF}.Debug|Any CPU.ActiveCfg = Debug|Any CPU
		{4DC34E85-C5D2-4F24-BD4A-B5FBFC1578FF}.Debug|Any CPU.Build.0 = Debug|Any CPU
		{4DC34E85-C5D2-4F24-BD4A-B5FBFC1578FF}.Release|Any CPU.ActiveCfg = Release|Any CPU
		{4DC34E85-C5D2-4F24-BD4A-B5FBFC1578FF}.Release|Any CPU.Build.0 = Release|Any CPU
	EndGlobalSection
	GlobalSection(SolutionProperties) = preSolution
		HideSolutionNode = FALSE
	EndGlobalSection
	GlobalSection(ExtensibilityGlobals) = postSolution
		SolutionGuid = {ABD0378A-9B2C-41D8-85AB-88299508C8C9}
	EndGlobalSection
EndGlobal